# This file is automatically @generated by Cargo.
# It is not intended for manual editing.
version = 4

[[package]]
name = "bitflags"
version = "2.11.0"
source = "registry+https://github.com/rust-lang/crates.io-index"
checksum = "843867be96c8daad0d758b57df9392b6d8d271134fce549de6ce169ff98a92af"

[[package]]
name = "myn"
version = "0.2.2"
source = "registry+https://github.com/rust-lang/crates.io-index"
checksum = "e49d2fc6c79d00e708293cb0793a2a33357405d0c0bf0fa7dc88e7694c8db313"

[[package]]
name = "onlyargs"
version = "0.2.0"
source = "registry+https://github.com/rust-lang/crates.io-index"
checksum = "00d78a5eb5c0119da8284d056af5b352002594003e50fe1d6ee892acabfe6184"

[[package]]
name = "onlyargs_derive"
version = "0.2.0"
source = "registry+https://github.com/rust-lang/crates.io-index"
checksum = "9e96dec8cebe43d77e74cc3104184765ba563fc675890fef82b61124fd647cd6"
dependencies = [
 "myn",
 "onlyargs",
]

[[package]]
name = "poh"
version = "0.1.0"
dependencies = [
 "bitflags",
 "onlyargs",
 "onlyargs_derive",
]
